
Microsoft Visual Studio Solution File, Format Version 12.00
# Visual Studio Version 16
VisualStudioVersion = 16.0.31005.135
MinimumVisualStudioVersion = 10.0.40219.1
Project("{9A19103F-16F7-4668-BE54-9A1E7A4F7556}") = "FeatureFlag.Management.Firebase", "FeatureFlag.Management.Firebase\FeatureFlag.Management.Firebase.csproj", "{1AF13BA6-5DA1-4ECC-9474-4E20335B5616}"
EndProject
Project("{9A19103F-16F7-4668-BE54-9A1E7A4F7556}") = "FeatureFlag.Management", "FeatureFlag.Management\FeatureFlag.Management.csproj", "{21B447EA-E645-4523-A7B6-0313FFDEC963}"
EndProject
Project("{2150E333-8FDC-42A3-9474-1A3956D46DE8}") = "src", "src", "{F994E83E-6864-4216-82EE-B2AD88CEB911}"
EndProject
Project("{2150E333-8FDC-42A3-9474-1A3956D46DE8}") = "tests", "tests", "{6E15C99C-E1DD-43A6-82E6-2EDC18C7695C}"
EndProject
Project("{2150E333-8FDC-42A3-9474-1A3956D46DE8}") = "demo", "demo", "{03B67B54-BE00-4FE3-9236-9D25249292D4}"
EndProject
Project("{FAE04EC0-301F-11D3-BF4B-00C04F79EFBC}") = "FeatureFlag.Management.Demo.Xamarin.Android", "FeatureFlag.Management.Demo.Xamarin\FeatureFlag.Management.Demo.Xamarin.Android\FeatureFlag.Management.Demo.Xamarin.Android.csproj", "{F277EE20-6ADB-484D-89C9-53536367800B}"
EndProject
Project("{FAE04EC0-301F-11D3-BF4B-00C04F79EFBC}") = "FeatureFlag.Management.Demo.Xamarin.iOS", "FeatureFlag.Management.Demo.Xamarin\FeatureFlag.Management.Demo.Xamarin.iOS\FeatureFlag.Management.Demo.Xamarin.iOS.csproj", "{60FE70E4-55A1-44A2-A68E-6023B5D41964}"
EndProject
Project("{9A19103F-16F7-4668-BE54-9A1E7A4F7556}") = "FeatureFlag.Management.Demo.Xamarin", "FeatureFlag.Management.Demo.Xamarin\FeatureFlag.Management.Demo.Xamarin\FeatureFlag.Management.Demo.Xamarin.csproj", "{26DFE99A-7E04-4AA2-8C78-3C06F75DFA8D}"
EndProject
Project("{9A19103F-16F7-4668-BE54-9A1E7A4F7556}") = "FeatureFlag.Management.Tests", "FeatureFlag.Management.Tests\FeatureFlag.Management.Tests.csproj", "{25770FF1-763E-4DB0-BBA7-765A437A8C43}"
EndProject
Project("{FAE04EC0-301F-11D3-BF4B-00C04F79EFBC}") = "FeatureFlag.Management.Xamarin.Forms", "FeatureFlag.Management.Xamarin.Forms\FeatureFlag.Management.Xamarin.Forms.csproj", "{D7D06D25-FEC7-4B89-A6B3-7532C6A9D329}"
EndProject
Global
	GlobalSection(SolutionConfigurationPlatforms) = preSolution
		Debug|Any CPU = Debug|Any CPU
		Debug|iPhone = Debug|iPhone
		Debug|iPhoneSimulator = Debug|iPhoneSimulator
		DebugGenerator|Any CPU = DebugGenerator|Any CPU
		DebugGenerator|iPhone = DebugGenerator|iPhone
		DebugGenerator|iPhoneSimulator = DebugGenerator|iPhoneSimulator
		Release|Any CPU = Release|Any CPU
		Release|iPhone = Release|iPhone
		Release|iPhoneSimulator = Release|iPhoneSimulator
	EndGlobalSection
	GlobalSection(ProjectConfigurationPlatforms) = postSolution
		{1AF13BA6-5DA1-4ECC-9474-4E20335B5616}.Debug|Any CPU.ActiveCfg = Debug|Any CPU
		{1AF13BA6-5DA1-4ECC-9474-4E20335B5616}.Debug|Any CPU.Build.0 = Debug|Any CPU
		{1AF13BA6-5DA1-4ECC-9474-4E20335B5616}.Debug|iPhone.ActiveCfg = Debug|Any CPU
		{1AF13BA6-5DA1-4ECC-9474-4E20335B5616}.Debug|iPhone.Build.0 = Debug|Any CPU
		{1AF13BA6-5DA1-4ECC-9474-4E20335B5616}.Debug|iPhoneSimulator.ActiveCfg = Debug|Any CPU
		{1AF13BA6-5DA1-4ECC-9474-4E20335B5616}.Debug|iPhoneSimulator.Build.0 = Debug|Any CPU
		{1AF13BA6-5DA1-4ECC-9474-4E20335B5616}.DebugGenerator|Any CPU.ActiveCfg = DebugGenerator|Any CPU
		{1AF13BA6-5DA1-4ECC-9474-4E20335B5616}.DebugGenerator|Any CPU.Build.0 = DebugGenerator|Any CPU
		{1AF13BA6-5DA1-4ECC-9474-4E20335B5616}.DebugGenerator|iPhone.ActiveCfg = DebugGenerator|Any CPU
		{1AF13BA6-5DA1-4ECC-9474-4E20335B5616}.DebugGenerator|iPhone.Build.0 = DebugGenerator|Any CPU
		{1AF13BA6-5DA1-4ECC-9474-4E20335B5616}.DebugGenerator|iPhoneSimulator.ActiveCfg = DebugGenerator|Any CPU
		{1AF13BA6-5DA1-4ECC-9474-4E20335B5616}.DebugGenerator|iPhoneSimulator.Build.0 = DebugGenerator|Any CPU
		{1AF13BA6-5DA1-4ECC-9474-4E20335B5616}.Release|Any CPU.ActiveCfg = Release|Any CPU
		{1AF13BA6-5DA1-4ECC-9474-4E20335B5616}.Release|Any CPU.Build.0 = Release|Any CPU
		{1AF13BA6-5DA1-4ECC-9474-4E20335B5616}.Release|iPhone.ActiveCfg = Release|Any CPU
		{1AF13BA6-5DA1-4ECC-9474-4E20335B5616}.Release|iPhone.Build.0 = Release|Any CPU
		{1AF13BA6-5DA1-4ECC-9474-4E20335B5616}.Release|iPhoneSimulator.ActiveCfg = Release|Any CPU
		{1AF13BA6-5DA1-4ECC-9474-4E20335B5616}.Release|iPhoneSimulator.Build.0 = Release|Any CPU
		{21B447EA-E645-4523-A7B6-0313FFDEC963}.Debug|Any CPU.ActiveCfg = Debug|Any CPU
		{21B447EA-E645-4523-A7B6-0313FFDEC963}.Debug|Any CPU.Build.0 = Debug|Any CPU
		{21B447EA-E645-4523-A7B6-0313FFDEC963}.Debug|iPhone.ActiveCfg = Debug|Any CPU
		{21B447EA-E645-4523-A7B6-0313FFDEC963}.Debug|iPhone.Build.0 = Debug|Any CPU
		{21B447EA-E645-4523-A7B6-0313FFDEC963}.Debug|iPhoneSimulator.ActiveCfg = Debug|Any CPU
		{21B447EA-E645-4523-A7B6-0313FFDEC963}.Debug|iPhoneSimulator.Build.0 = Debug|Any CPU
		{21B447EA-E645-4523-A7B6-0313FFDEC963}.DebugGenerator|Any CPU.ActiveCfg = DebugGenerator|Any CPU
		{21B447EA-E645-4523-A7B6-0313FFDEC963}.DebugGenerator|Any CPU.Build.0 = DebugGenerator|Any CPU
		{21B447EA-E645-4523-A7B6-0313FFDEC963}.DebugGenerator|iPhone.ActiveCfg = DebugGenerator|Any CPU
		{21B447EA-E645-4523-A7B6-0313FFDEC963}.DebugGenerator|iPhone.Build.0 = DebugGenerator|Any CPU
		{21B447EA-E645-4523-A7B6-0313FFDEC963}.DebugGenerator|iPhoneSimulator.ActiveCfg = DebugGenerator|Any CPU
		{21B447EA-E645-4523-A7B6-0313FFDEC963}.DebugGenerator|iPhoneSimulator.Build.0 = DebugGenerator|Any CPU
		{21B447EA-E645-4523-A7B6-0313FFDEC963}.Release|Any CPU.ActiveCfg = Release|Any CPU
		{21B447EA-E645-4523-A7B6-0313FFDEC963}.Release|Any CPU.Build.0 = Release|Any CPU
		{21B447EA-E645-4523-A7B6-0313FFDEC963}.Release|iPhone.ActiveCfg = Release|Any CPU
		{21B447EA-E645-4523-A7B6-0313FFDEC963}.Release|iPhone.Build.0 = Release|Any CPU
		{21B447EA-E645-4523-A7B6-0313FFDEC963}.Release|iPhoneSimulator.ActiveCfg = Release|Any CPU
		{21B447EA-E645-4523-A7B6-0313FFDEC963}.Release|iPhoneSimulator.Build.0 = Release|Any CPU
		{F277EE20-6ADB-484D-89C9-53536367800B}.Debug|Any CPU.ActiveCfg = Debug|Any CPU
		{F277EE20-6ADB-484D-89C9-53536367800B}.Debug|Any CPU.Build.0 = Debug|Any CPU
		{F277EE20-6ADB-484D-89C9-53536367800B}.Debug|Any CPU.Deploy.0 = Debug|Any CPU
		{F277EE20-6ADB-484D-89C9-53536367800B}.Debug|iPhone.ActiveCfg = Debug|Any CPU
		{F277EE20-6ADB-484D-89C9-53536367800B}.Debug|iPhone.Build.0 = Debug|Any CPU
		{F277EE20-6ADB-484D-89C9-53536367800B}.Debug|iPhone.Deploy.0 = Debug|Any CPU
		{F277EE20-6ADB-484D-89C9-53536367800B}.Debug|iPhoneSimulator.ActiveCfg = Debug|Any CPU
		{F277EE20-6ADB-484D-89C9-53536367800B}.Debug|iPhoneSimulator.Build.0 = Debug|Any CPU
		{F277EE20-6ADB-484D-89C9-53536367800B}.Debug|iPhoneSimulator.Deploy.0 = Debug|Any CPU
		{F277EE20-6ADB-484D-89C9-53536367800B}.DebugGenerator|Any CPU.ActiveCfg = DebugGenerator|Any CPU
		{F277EE20-6ADB-484D-89C9-53536367800B}.DebugGenerator|Any CPU.Build.0 = DebugGenerator|Any CPU
		{F277EE20-6ADB-484D-89C9-53536367800B}.DebugGenerator|Any CPU.Deploy.0 = DebugGenerator|Any CPU
		{F277EE20-6ADB-484D-89C9-53536367800B}.DebugGenerator|iPhone.ActiveCfg = DebugGenerator|Any CPU
		{F277EE20-6ADB-484D-89C9-53536367800B}.DebugGenerator|iPhone.Build.0 = DebugGenerator|Any CPU
		{F277EE20-6ADB-484D-89C9-53536367800B}.DebugGenerator|iPhone.Deploy.0 = DebugGenerator|Any CPU
		{F277EE20-6ADB-484D-89C9-53536367800B}.DebugGenerator|iPhoneSimulator.ActiveCfg = DebugGenerator|Any CPU
		{F277EE20-6ADB-484D-89C9-53536367800B}.DebugGenerator|iPhoneSimulator.Build.0 = DebugGenerator|Any CPU
		{F277EE20-6ADB-484D-89C9-53536367800B}.DebugGenerator|iPhoneSimulator.Deploy.0 = DebugGenerator|Any CPU
		{F277EE20-6ADB-484D-89C9-53536367800B}.Release|Any CPU.ActiveCfg = Release|Any CPU
		{F277EE20-6ADB-484D-89C9-53536367800B}.Release|Any CPU.Build.0 = Release|Any CPU
		{F277EE20-6ADB-484D-89C9-53536367800B}.Release|Any CPU.Deploy.0 = Release|Any CPU
		{F277EE20-6ADB-484D-89C9-53536367800B}.Release|iPhone.ActiveCfg = Release|Any CPU
		{F277EE20-6ADB-484D-89C9-53536367800B}.Release|iPhone.Build.0 = Release|Any CPU
		{F277EE20-6ADB-484D-89C9-53536367800B}.Release|iPhone.Deploy.0 = Release|Any CPU
		{F277EE20-6ADB-484D-89C9-53536367800B}.Release|iPhoneSimulator.ActiveCfg = Release|Any CPU
		{F277EE20-6ADB-484D-89C9-53536367800B}.Release|iPhoneSimulator.Build.0 = Release|Any CPU
		{F277EE20-6ADB-484D-89C9-53536367800B}.Release|iPhoneSimulator.Deploy.0 = Release|Any CPU
		{60FE70E4-55A1-44A2-A68E-6023B5D41964}.Debug|Any CPU.ActiveCfg = Debug|iPhoneSimulator
		{60FE70E4-55A1-44A2-A68E-6023B5D41964}.Debug|iPhone.ActiveCfg = Debug|iPhone
		{60FE70E4-55A1-44A2-A68E-6023B5D41964}.Debug|iPhone.Build.0 = Debug|iPhone
		{60FE70E4-55A1-44A2-A68E-6023B5D41964}.Debug|iPhoneSimulator.ActiveCfg = Debug|iPhoneSimulator
		{60FE70E4-55A1-44A2-A68E-6023B5D41964}.Debug|iPhoneSimulator.Build.0 = Debug|iPhoneSimulator
		{60FE70E4-55A1-44A2-A68E-6023B5D41964}.DebugGenerator|Any CPU.ActiveCfg = DebugGenerator|iPhoneSimulator
		{60FE70E4-55A1-44A2-A68E-6023B5D41964}.DebugGenerator|iPhone.ActiveCfg = DebugGenerator|iPhone
		{60FE70E4-55A1-44A2-A68E-6023B5D41964}.DebugGenerator|iPhoneSimulator.ActiveCfg = DebugGenerator|iPhoneSimulator
		{60FE70E4-55A1-44A2-A68E-6023B5D41964}.Release|Any CPU.ActiveCfg = Release|iPhoneSimulator
		{60FE70E4-55A1-44A2-A68E-6023B5D41964}.Release|iPhone.ActiveCfg = Release|iPhone
		{60FE70E4-55A1-44A2-A68E-6023B5D41964}.Release|iPhone.Build.0 = Release|iPhone
		{60FE70E4-55A1-44A2-A68E-6023B5D41964}.Release|iPhoneSimulator.ActiveCfg = Release|iPhoneSimulator
		{60FE70E4-55A1-44A2-A68E-6023B5D41964}.Release|iPhoneSimulator.Build.0 = Release|iPhoneSimulator
		{26DFE99A-7E04-4AA2-8C78-3C06F75DFA8D}.Debug|Any CPU.ActiveCfg = Debug|Any CPU
		{26DFE99A-7E04-4AA2-8C78-3C06F75DFA8D}.Debug|Any CPU.Build.0 = Debug|Any CPU
		{26DFE99A-7E04-4AA2-8C78-3C06F75DFA8D}.Debug|iPhone.ActiveCfg = Debug|Any CPU
		{26DFE99A-7E04-4AA2-8C78-3C06F75DFA8D}.Debug|iPhone.Build.0 = Debug|Any CPU
		{26DFE99A-7E04-4AA2-8C78-3C06F75DFA8D}.Debug|iPhoneSimulator.ActiveCfg = Debug|Any CPU
		{26DFE99A-7E04-4AA2-8C78-3C06F75DFA8D}.Debug|iPhoneSimulator.Build.0 = Debug|Any CPU
		{26DFE99A-7E04-4AA2-8C78-3C06F75DFA8D}.DebugGenerator|Any CPU.ActiveCfg = DebugGenerator|Any CPU
		{26DFE99A-7E04-4AA2-8C78-3C06F75DFA8D}.DebugGenerator|Any CPU.Build.0 = DebugGenerator|Any CPU
		{26DFE99A-7E04-4AA2-8C78-3C06F75DFA8D}.DebugGenerator|iPhone.ActiveCfg = DebugGenerator|Any CPU
		{26DFE99A-7E04-4AA2-8C78-3C06F75DFA8D}.DebugGenerator|iPhone.Build.0 = DebugGenerator|Any CPU
		{26DFE99A-7E04-4AA2-8C78-3C06F75DFA8D}.DebugGenerator|iPhoneSimulator.ActiveCfg = DebugGenerator|Any CPU
		{26DFE99A-7E04-4AA2-8C78-3C06F75DFA8D}.DebugGenerator|iPhoneSimulator.Build.0 = DebugGenerator|Any CPU
		{26DFE99A-7E04-4AA2-8C78-3C06F75DFA8D}.Release|Any CPU.ActiveCfg = Release|Any CPU
		{26DFE99A-7E04-4AA2-8C78-3C06F75DFA8D}.Release|Any CPU.Build.0 = Release|Any CPU
		{26DFE99A-7E04-4AA2-8C78-3C06F75DFA8D}.Release|iPhone.ActiveCfg = Release|Any CPU
		{26DFE99A-7E04-4AA2-8C78-3C06F75DFA8D}.Release|iPhone.Build.0 = Release|Any CPU
		{26DFE99A-7E04-4AA2-8C78-3C06F75DFA8D}.Release|iPhoneSimulator.ActiveCfg = Release|Any CPU
		{26DFE99A-7E04-4AA2-8C78-3C06F75DFA8D}.Release|iPhoneSimulator.Build.0 = Release|Any CPU
		{25770FF1-763E-4DB0-BBA7-765A437A8C43}.Debug|Any CPU.ActiveCfg = Debug|Any CPU
		{25770FF1-763E-4DB0-BBA7-765A437A8C43}.Debug|Any CPU.Build.0 = Debug|Any CPU
		{25770FF1-763E-4DB0-BBA7-765A437A8C43}.Debug|iPhone.ActiveCfg = Debug|Any CPU
		{25770FF1-763E-4DB0-BBA7-765A437A8C43}.Debug|iPhone.Build.0 = Debug|Any CPU
		{25770FF1-763E-4DB0-BBA7-765A437A8C43}.Debug|iPhoneSimulator.ActiveCfg = Debug|Any CPU
		{25770FF1-763E-4DB0-BBA7-765A437A8C43}.Debug|iPhoneSimulator.Build.0 = Debug|Any CPU
		{25770FF1-763E-4DB0-BBA7-765A437A8C43}.DebugGenerator|Any CPU.ActiveCfg = DebugGenerator|Any CPU
		{25770FF1-763E-4DB0-BBA7-765A437A8C43}.DebugGenerator|Any CPU.Build.0 = DebugGenerator|Any CPU
		{25770FF1-763E-4DB0-BBA7-765A437A8C43}.DebugGenerator|iPhone.ActiveCfg = DebugGenerator|Any CPU
		{25770FF1-763E-4DB0-BBA7-765A437A8C43}.DebugGenerator|iPhone.Build.0 = DebugGenerator|Any CPU
		{25770FF1-763E-4DB0-BBA7-765A437A8C43}.DebugGenerator|iPhoneSimulator.ActiveCfg = DebugGenerator|Any CPU
		{25770FF1-763E-4DB0-BBA7-765A437A8C43}.DebugGenerator|iPhoneSimulator.Build.0 = DebugGenerator|Any CPU
		{25770FF1-763E-4DB0-BBA7-765A437A8C43}.Release|Any CPU.ActiveCfg = Release|Any CPU
		{25770FF1-763E-4DB0-BBA7-765A437A8C43}.Release|Any CPU.Build.0 = Release|Any CPU
		{25770FF1-763E-4DB0-BBA7-765A437A8C43}.Release|iPhone.ActiveCfg = Release|Any CPU
		{25770FF1-763E-4DB0-BBA7-765A437A8C43}.Release|iPhone.Build.0 = Release|Any CPU
		{25770FF1-763E-4DB0-BBA7-765A437A8C43}.Release|iPhoneSimulator.ActiveCfg = Release|Any CPU
		{25770FF1-763E-4DB0-BBA7-765A437A8C43}.Release|iPhoneSimulator.Build.0 = Release|Any CPU
		{D7D06D25-FEC7-4B89-A6B3-7532C6A9D329}.Debug|Any CPU.ActiveCfg = Debug|Any CPU
		{D7D06D25-FEC7-4B89-A6B3-7532C6A9D329}.Debug|Any CPU.Build.0 = Debug|Any CPU
		{D7D06D25-FEC7-4B89-A6B3-7532C6A9D329}.Debug|iPhone.ActiveCfg = Debug|Any CPU
		{D7D06D25-FEC7-4B89-A6B3-7532C6A9D329}.Debug|iPhone.Build.0 = Debug|Any CPU
		{D7D06D25-FEC7-4B89-A6B3-7532C6A9D329}.Debug|iPhoneSimulator.ActiveCfg = Debug|Any CPU
		{D7D06D25-FEC7-4B89-A6B3-7532C6A9D329}.Debug|iPhoneSimulator.Build.0 = Debug|Any CPU
		{D7D06D25-FEC7-4B89-A6B3-7532C6A9D329}.DebugGenerator|Any CPU.ActiveCfg = Debug|Any CPU
		{D7D06D25-FEC7-4B89-A6B3-7532C6A9D329}.DebugGenerator|Any CPU.Build.0 = Debug|Any CPU
		{D7D06D25-FEC7-4B89-A6B3-7532C6A9D329}.DebugGenerator|iPhone.ActiveCfg = Debug|Any CPU
		{D7D06D25-FEC7-4B89-A6B3-7532C6A9D329}.DebugGenerator|iPhone.Build.0 = Debug|Any CPU
		{D7D06D25-FEC7-4B89-A6B3-7532C6A9D329}.DebugGenerator|iPhoneSimulator.ActiveCfg = Debug|Any CPU
		{D7D06D25-FEC7-4B89-A6B3-7532C6A9D329}.DebugGenerator|iPhoneSimulator.Build.0 = Debug|Any CPU
		{D7D06D25-FEC7-4B89-A6B3-7532C6A9D329}.Release|Any CPU.ActiveCfg = Release|Any CPU
		{D7D06D25-FEC7-4B89-A6B3-7532C6A9D329}.Release|Any CPU.Build.0 = Release|Any CPU
		{D7D06D25-FEC7-4B89-A6B3-7532C6A9D329}.Release|iPhone.ActiveCfg = Release|Any CPU
		{D7D06D25-FEC7-4B89-A6B3-7532C6A9D329}.Release|iPhone.Build.0 = Release|Any CPU
		{D7D06D25-FEC7-4B89-A6B3-7532C6A9D329}.Release|iPhoneSimulator.ActiveCfg = Release|Any CPU
		{D7D06D25-FEC7-4B89-A6B3-7532C6A9D329}.Release|iPhoneSimulator.Build.0 = Release|Any CPU
	EndGlobalSection
	GlobalSection(SolutionProperties) = preSolution
		HideSolutionNode = FALSE
	EndGlobalSection
	GlobalSection(NestedProjects) = preSolution
		{1AF13BA6-5DA1-4ECC-9474-4E20335B5616} = {F994E83E-6864-4216-82EE-B2AD88CEB911}
		{21B447EA-E645-4523-A7B6-0313FFDEC963} = {F994E83E-6864-4216-82EE-B2AD88CEB911}
		{F277EE20-6ADB-484D-89C9-53536367800B} = {03B67B54-BE00-4FE3-9236-9D25249292D4}
		{60FE70E4-55A1-44A2-A68E-6023B5D41964} = {03B67B54-BE00-4FE3-9236-9D25249292D4}
		{26DFE99A-7E04-4AA2-8C78-3C06F75DFA8D} = {03B67B54-BE00-4FE3-9236-9D25249292D4}
		{25770FF1-763E-4DB0-BBA7-765A437A8C43} = {6E15C99C-E1DD-43A6-82E6-2EDC18C7695C}
		{D7D06D25-FEC7-4B89-A6B3-7532C6A9D329} = {F994E83E-6864-4216-82EE-B2AD88CEB911}
	EndGlobalSection
	GlobalSection(ExtensibilityGlobals) = postSolution
		SolutionGuid = {47ADB49C-FEB6-4562-A1B3-89499FA86DA8}
	EndGlobalSection
EndGlobal
