
Microsoft Visual Studio Solution File, Format Version 12.00
# Visual Studio Version 16
VisualStudioVersion = 16.0.31005.135
MinimumVisualStudioVersion = 10.0.40219.1
Project("{FAE04EC0-301F-11D3-BF4B-00C04F79EFBC}") = "FeatureFlag.Management", "FeatureFlag.Management.Firebase\FeatureFlag.Management.csproj", "{1472D3A0-0F67-4CCE-9395-1CF7ECB1A1EA}"
EndProject
Project("{FAE04EC0-301F-11D3-BF4B-00C04F79EFBC}") = "FeatureFlag.Management.Firebase", "FeatureFlag.Management.Firebase\FeatureFlag.Management.Firebase.csproj", "{1AF13BA6-5DA1-4ECC-9474-4E20335B5616}"
EndProject
Global
	GlobalSection(SolutionConfigurationPlatforms) = preSolution
		Debug|Any CPU = Debug|Any CPU
		Release|Any CPU = Release|Any CPU
	EndGlobalSection
	GlobalSection(ProjectConfigurationPlatforms) = postSolution
		{1472D3A0-0F67-4CCE-9395-1CF7ECB1A1EA}.Debug|Any CPU.ActiveCfg = Debug|Any CPU
		{1472D3A0-0F67-4CCE-9395-1CF7ECB1A1EA}.Debug|Any CPU.Build.0 = Debug|Any CPU
		{1472D3A0-0F67-4CCE-9395-1CF7ECB1A1EA}.Release|Any CPU.ActiveCfg = Release|Any CPU
		{1472D3A0-0F67-4CCE-9395-1CF7ECB1A1EA}.Release|Any CPU.Build.0 = Release|Any CPU
		{1AF13BA6-5DA1-4ECC-9474-4E20335B5616}.Debug|Any CPU.ActiveCfg = Debug|Any CPU
		{1AF13BA6-5DA1-4ECC-9474-4E20335B5616}.Debug|Any CPU.Build.0 = Debug|Any CPU
		{1AF13BA6-5DA1-4ECC-9474-4E20335B5616}.Release|Any CPU.ActiveCfg = Release|Any CPU
		{1AF13BA6-5DA1-4ECC-9474-4E20335B5616}.Release|Any CPU.Build.0 = Release|Any CPU
	EndGlobalSection
	GlobalSection(SolutionProperties) = preSolution
		HideSolutionNode = FALSE
	EndGlobalSection
	GlobalSection(ExtensibilityGlobals) = postSolution
		SolutionGuid = {47ADB49C-FEB6-4562-A1B3-89499FA86DA8}
	EndGlobalSection
EndGlobal
